lockfileVersion: '9.0'

settings:
  autoInstallPeers: true
  excludeLinksFromLockfile: false

importers:

  .:
    dependencies:
      antd:
        specifier: ^5.19.0
        version: 5.19.0(react-dom@18.3.1(react@18.3.1))(react@18.3.1)

packages:

  '@ant-design/colors@7.1.0':
    resolution: {integrity: sha512-MMoDGWn1y9LdQJQSHiCC20x3uZ3CwQnv9QMz6pCmJOrqdgM9YxsoVVY0wtrdXbmfSgnV0KNk6zi09NAhMR2jvg==}

  '@ant-design/cssinjs@1.21.0':
    resolution: {integrity: sha512-gIilraPl+9EoKdYxnupxjHB/Q6IHNRjEXszKbDxZdsgv4sAZ9pjkCq8yanDWNvyfjp4leir2OVAJm0vxwKK8YA==}
    peerDependencies:
      react: '>=16.0.0'
      react-dom: '>=16.0.0'

  '@ant-design/icons-svg@4.4.2':
    resolution: {integrity: sha512-vHbT+zJEVzllwP+CM+ul7reTEfBR0vgxFe7+lREAsAA7YGsYpboiq2sQNeQeRvh09GfQgs/GyFEvZpJ9cLXpXA==}

  '@ant-design/icons@5.3.7':
    resolution: {integrity: sha512-bCPXTAg66f5bdccM4TT21SQBDO1Ek2gho9h3nO9DAKXJP4sq+5VBjrQMSxMVXSB3HyEz+cUbHQ5+6ogxCOpaew==}
    engines: {node: '>=8'}
    peerDependencies:
      react: '>=16.0.0'
      react-dom: '>=16.0.0'

  '@ant-design/react-slick@1.1.2':
    resolution: {integrity: sha512-EzlvzE6xQUBrZuuhSAFTdsr4P2bBBHGZwKFemEfq8gIGyIQCxalYfZW/T2ORbtQx5rU69o+WycP3exY/7T1hGA==}
    peerDependencies:
      react: '>=16.9.0'

  '@babel/runtime@7.24.7':
    resolution: {integrity: sha512-UwgBRMjJP+xv857DCngvqXI3Iq6J4v0wXmwc6sapg+zyhbwmQX67LUEFrkK5tbyJ30jGuG3ZvWpBiB9LCy1kWw==}
    engines: {node: '>=6.9.0'}

  '@ctrl/tinycolor@3.6.1':
    resolution: {integrity: sha512-SITSV6aIXsuVNV3f3O0f2n/cgyEDWoSqtZMYiAmcsYHydcKrOz3gUxB/iXd/Qf08+IZX4KpgNbvUdMBmWz+kcA==}
    engines: {node: '>=10'}

  '@emotion/hash@0.8.0':
    resolution: {integrity: sha512-kBJtf7PH6aWwZ6fka3zQ0p6SBYzx4fl1LoZXE2RrnYST9Xljm7WfKJrU4g/Xr3Beg72MLrp1AWNUmuYJTL7Cow==}

  '@emotion/unitless@0.7.5':
    resolution: {integrity: sha512-OWORNpfjMsSSUBVrRBVGECkhWcULOAJz9ZW8uK9qgxD+87M7jHRcvh/A96XXNhXTLmKcoYSQtBEX7lHMO7YRwg==}

  '@rc-component/async-validator@5.0.4':
    resolution: {integrity: sha512-qgGdcVIF604M9EqjNF0hbUTz42bz/RDtxWdWuU5EQe3hi7M8ob54B6B35rOsvX5eSvIHIzT9iH1R3n+hk3CGfg==}
    engines: {node: '>=14.x'}

  '@rc-component/color-picker@1.5.3':
    resolution: {integrity: sha512-+tGGH3nLmYXTalVe0L8hSZNs73VTP5ueSHwUlDC77KKRaN7G4DS4wcpG5DTDzdcV/Yas+rzA6UGgIyzd8fS4cw==}
    peerDependencies:
      react: '>=16.9.0'
      react-dom: '>=16.9.0'

  '@rc-component/context@1.4.0':
    resolution: {integrity: sha512-kFcNxg9oLRMoL3qki0OMxK+7g5mypjgaaJp/pkOis/6rVxma9nJBF/8kCIuTYHUQNr0ii7MxqE33wirPZLJQ2w==}
    peerDependencies:
      react: '>=16.9.0'
      react-dom: '>=16.9.0'

  '@rc-component/mini-decimal@1.1.0':
    resolution: {integrity: sha512-jS4E7T9Li2GuYwI6PyiVXmxTiM6b07rlD9Ge8uGZSCz3WlzcG5ZK7g5bbuKNeZ9pgUuPK/5guV781ujdVpm4HQ==}
    engines: {node: '>=8.x'}

  '@rc-component/mutate-observer@1.1.0':
    resolution: {integrity: sha512-QjrOsDXQusNwGZPf4/qRQasg7UFEj06XiCJ8iuiq/Io7CrHrgVi6Uuetw60WAMG1799v+aM8kyc+1L/GBbHSlw==}
    engines: {node: '>=8.x'}
    peerDependencies:
      react: '>=16.9.0'
      react-dom: '>=16.9.0'

  '@rc-component/portal@1.1.2':
    resolution: {integrity: sha512-6f813C0IsasTZms08kfA8kPAGxbbkYToa8ALaiDIGGECU4i9hj8Plgbx0sNJDrey3EtHO30hmdaxtT0138xZcg==}
    engines: {node: '>=8.x'}
    peerDependencies:
      react: '>=16.9.0'
      react-dom: '>=16.9.0'

  '@rc-component/qrcode@1.0.0':
    resolution: {integrity: sha512-L+rZ4HXP2sJ1gHMGHjsg9jlYBX/SLN2D6OxP9Zn3qgtpMWtO2vUfxVFwiogHpAIqs54FnALxraUy/BCO1yRIgg==}
    engines: {node: '>=8.x'}
    peerDependencies:
      react: '>=16.9.0'
      react-dom: '>=16.9.0'

  '@rc-component/tour@1.15.0':
    resolution: {integrity: sha512-h6hyILDwL+In9GAgRobwRWihLqqsD7Uft3fZGrJ7L4EiyCoxbnNYwzPXDfz7vNDhWeVyvAWQJj9fJCzpI4+b4g==}
    engines: {node: '>=8.x'}
    peerDependencies:
      react: '>=16.9.0'
      react-dom: '>=16.9.0'

  '@rc-component/trigger@2.2.0':
    resolution: {integrity: sha512-QarBCji02YE9aRFhZgRZmOpXBj0IZutRippsVBv85sxvG4FGk/vRxwAlkn3MS9zK5mwbETd86mAVg2tKqTkdJA==}
    engines: {node: '>=8.x'}
    peerDependencies:
      react: '>=16.9.0'
      react-dom: '>=16.9.0'

  antd@5.19.0:
    resolution: {integrity: sha512-+w+3zJUKqwU1GSXUxnKhzSGuWUqwwpHQm/voJr2X0JBdYxr9gkLhKR0HBhQjVSSJzSb86rB48fUbByHKrN05Xg==}
    peerDependencies:
      react: '>=16.9.0'
      react-dom: '>=16.9.0'

  array-tree-filter@2.1.0:
    resolution: {integrity: sha512-4ROwICNlNw/Hqa9v+rk5h22KjmzB1JGTMVKP2AKJBOCgb0yL0ASf0+YvCcLNNwquOHNX48jkeZIJ3a+oOQqKcw==}

  classnames@2.5.1:
    resolution: {integrity: sha512-saHYOzhIQs6wy2sVxTM6bUDsQO4F50V9RQ22qBpEdCW+I+/Wmke2HOl6lS6dTpdxVhb88/I6+Hs+438c3lfUow==}

  compute-scroll-into-view@3.1.0:
    resolution: {integrity: sha512-rj8l8pD4bJ1nx+dAkMhV1xB5RuZEyVysfxJqB1pRchh1KVvwOv9b7CGB8ZfjTImVv2oF+sYMUkMZq6Na5Ftmbg==}

  copy-to-clipboard@3.3.3:
    resolution: {integrity: sha512-2KV8NhB5JqC3ky0r9PMCAZKbUHSwtEo4CwCs0KXgruG43gX5PMqDEBbVU4OUzw2MuAWUfsuFmWvEKG5QRfSnJA==}

  csstype@3.1.3:
    resolution: {integrity: sha512-M1uQkMl8rQK/szD0LNhtqxIPLpimGm8sOBwU7lLnCpSbTyY3yeU1Vc7l4KT5zT4s/yOxHH5O7tIuuLOCnLADRw==}

  dayjs@1.11.11:
    resolution: {integrity: sha512-okzr3f11N6WuqYtZSvm+F776mB41wRZMhKP+hc34YdW+KmtYYK9iqvHSwo2k9FEH3fhGXvOPV6yz2IcSrfRUDg==}

  js-tokens@4.0.0:
    resolution: {integrity: sha512-RdJUflcE3cUzKiMqQgsCu06FPu9UdIJO0beYbPhHN4k6apgJtifcoCtT9bcxOpYBtpD2kCM6Sbzg4CausW/PKQ==}

  json2mq@0.2.0:
    resolution: {integrity: sha512-SzoRg7ux5DWTII9J2qkrZrqV1gt+rTaoufMxEzXbS26Uid0NwaJd123HcoB80TgubEppxxIGdNxCx50fEoEWQA==}

  loose-envify@1.4.0:
    resolution: {integrity: sha512-lyuxPGr/Wfhrlem2CL/UcnUc1zcqKAImBDzukY7Y5F/yQiNdko6+fRLevlw1HgMySw7f611UIY408EtxRSoK3Q==}
    hasBin: true

  rc-cascader@3.27.0:
    resolution: {integrity: sha512-z5uq8VvQadFUBiuZJ7YF5UAUGNkZtdEtcEYiIA94N/Kc2MIKr6lEbN5HyVddvYSgwWlKqnL6pH5bFXFuIK3MNg==}
    peerDependencies:
      react: '>=16.9.0'
      react-dom: '>=16.9.0'

  rc-checkbox@3.3.0:
    resolution: {integrity: sha512-Ih3ZaAcoAiFKJjifzwsGiT/f/quIkxJoklW4yKGho14Olulwn8gN7hOBve0/WGDg5o/l/5mL0w7ff7/YGvefVw==}
    peerDependencies:
      react: '>=16.9.0'
      react-dom: '>=16.9.0'

  rc-collapse@3.7.3:
    resolution: {integrity: sha512-60FJcdTRn0X5sELF18TANwtVi7FtModq649H11mYF1jh83DniMoM4MqY627sEKRCTm4+WXfGDcB7hY5oW6xhyw==}
    peerDependencies:
      react: '>=16.9.0'
      react-dom: '>=16.9.0'

  rc-dialog@9.5.2:
    resolution: {integrity: sha512-qVUjc8JukG+j/pNaHVSRa2GO2/KbV2thm7yO4hepQ902eGdYK913sGkwg/fh9yhKYV1ql3BKIN2xnud3rEXAPw==}
    peerDependencies:
      react: '>=16.9.0'
      react-dom: '>=16.9.0'

  rc-drawer@7.2.0:
    resolution: {integrity: sha512-9lOQ7kBekEJRdEpScHvtmEtXnAsy+NGDXiRWc2ZVC7QXAazNVbeT4EraQKYwCME8BJLa8Bxqxvs5swwyOepRwg==}
    peerDependencies:
      react: '>=16.9.0'
      react-dom: '>=16.9.0'

  rc-dropdown@4.2.0:
    resolution: {integrity: sha512-odM8Ove+gSh0zU27DUj5cG1gNKg7mLWBYzB5E4nNLrLwBmYEgYP43vHKDGOVZcJSVElQBI0+jTQgjnq0NfLjng==}
    peerDependencies:
      react: '>=16.11.0'
      react-dom: '>=16.11.0'

  rc-field-form@2.2.1:
    resolution: {integrity: sha512-uoNqDoR7A4tn4QTSqoWPAzrR7ZwOK5I+vuZ/qdcHtbKx+ZjEsTg7QXm2wk/jalDiSksAQmATxL0T5LJkRREdIA==}
    engines: {node: '>=8.x'}
    peerDependencies:
      react: '>=16.9.0'
      react-dom: '>=16.9.0'

  rc-image@7.9.0:
    resolution: {integrity: sha512-l4zqO5E0quuLMCtdKfBgj4Suv8tIS011F5k1zBBlK25iMjjiNHxA0VeTzGFtUZERSA45gvpXDg8/P6qNLjR25g==}
    peerDependencies:
      react: '>=16.9.0'
      react-dom: '>=16.9.0'

  rc-input-number@9.1.0:
    resolution: {integrity: sha512-NqJ6i25Xn/AgYfVxynlevIhX3FuKlMwIFpucGG1h98SlK32wQwDK0zhN9VY32McOmuaqzftduNYWWooWz8pXQA==}
    peerDependencies:
      react: '>=16.9.0'
      react-dom: '>=16.9.0'

  rc-input@1.5.1:
    resolution: {integrity: sha512-+nOzQJDeIfIpNP/SgY45LXSKbuMlp4Yap2y8c+ZpU7XbLmNzUd6+d5/S75sA/52jsVE6S/AkhkkDEAOjIu7i6g==}
    peerDependencies:
      react: '>=16.0.0'
      react-dom: '>=16.0.0'

  rc-mentions@2.14.0:
    resolution: {integrity: sha512-qKR59FMuF8PK4ZqsbWX3UuA5P1M/snzyqV6Yt3y1DCFbCEdqUGIBgQp6vEfLCO6Z0RoRFlzXtCeSlBTcDDpg1A==}
    peerDependencies:
      react: '>=16.9.0'
      react-dom: '>=16.9.0'

  rc-menu@9.14.1:
    resolution: {integrity: sha512-5wlRb3M8S4yGlWhSoEYJ7ZVRElyScdcpUHxgiLxkeig1tEdyKrnED3B2fhpN0Rrpdp9jyhnmZR/Lwq2fH5VvDQ==}
    peerDependencies:
      react: '>=16.9.0'
      react-dom: '>=16.9.0'

  rc-motion@2.9.2:
    resolution: {integrity: sha512-fUAhHKLDdkAXIDLH0GYwof3raS58dtNUmzLF2MeiR8o6n4thNpSDQhOqQzWE4WfFZDCi9VEN8n7tiB7czREcyw==}
    peerDependencies:
      react: '>=16.9.0'
      react-dom: '>=16.9.0'

  rc-notification@5.6.0:
    resolution: {integrity: sha512-TGQW5T7waOxLwgJG7fXcw8l7AQiFOjaZ7ISF5PrU526nunHRNcTMuzKihQHaF4E/h/KfOCDk3Mv8eqzbu2e28w==}
    engines: {node: '>=8.x'}
    peerDependencies:
      react: '>=16.9.0'
      react-dom: '>=16.9.0'

  rc-overflow@1.3.2:
    resolution: {integrity: sha512-nsUm78jkYAoPygDAcGZeC2VwIg/IBGSodtOY3pMof4W3M9qRJgqaDYm03ZayHlde3I6ipliAxbN0RUcGf5KOzw==}
    peerDependencies:
      react: '>=16.9.0'
      react-dom: '>=16.9.0'

  rc-pagination@4.2.0:
    resolution: {integrity: sha512-V6qeANJsT6tmOcZ4XiUmj8JXjRLbkusuufpuoBw2GiAn94fIixYjFLmbruD1Sbhn8fPLDnWawPp4CN37zQorvw==}
    peerDependencies:
      react: '>=16.9.0'
      react-dom: '>=16.9.0'

  rc-picker@4.6.6:
    resolution: {integrity: sha512-sEWARCNlodubP7/IM6nXHDDIuKZ3gYd5CpS2cYcNORa2telX3nAfllqnGSGjGEFvdtyW+IqGAVatLOmFT0lKYg==}
    engines: {node: '>=8.x'}
    peerDependencies:
      date-fns: '>= 2.x'
      dayjs: '>= 1.x'
      luxon: '>= 3.x'
      moment: '>= 2.x'
      react: '>=16.9.0'
      react-dom: '>=16.9.0'
    peerDependenciesMeta:
      date-fns:
        optional: true
      dayjs:
        optional: true
      luxon:
        optional: true
      moment:
        optional: true

  rc-progress@4.0.0:
    resolution: {integrity: sha512-oofVMMafOCokIUIBnZLNcOZFsABaUw8PPrf1/y0ZBvKZNpOiu5h4AO9vv11Sw0p4Hb3D0yGWuEattcQGtNJ/aw==}
    peerDependencies:
      react: '>=16.9.0'
      react-dom: '>=16.9.0'

  rc-rate@2.13.0:
    resolution: {integrity: sha512-oxvx1Q5k5wD30sjN5tqAyWTvJfLNNJn7Oq3IeS4HxWfAiC4BOXMITNAsw7u/fzdtO4MS8Ki8uRLOzcnEuoQiAw==}
    engines: {node: '>=8.x'}
    peerDependencies:
      react: '>=16.9.0'
      react-dom: '>=16.9.0'

  rc-resize-observer@1.4.0:
    resolution: {integrity: sha512-PnMVyRid9JLxFavTjeDXEXo65HCRqbmLBw9xX9gfC4BZiSzbLXKzW3jPz+J0P71pLbD5tBMTT+mkstV5gD0c9Q==}
    peerDependencies:
      react: '>=16.9.0'
      react-dom: '>=16.9.0'

  rc-segmented@2.3.0:
    resolution: {integrity: sha512-I3FtM5Smua/ESXutFfb8gJ8ZPcvFR+qUgeeGFQHBOvRiRKyAk4aBE5nfqrxXx+h8/vn60DQjOt6i4RNtrbOobg==}
    peerDependencies:
      react: '>=16.0.0'
      react-dom: '>=16.0.0'

  rc-select@14.15.0:
    resolution: {integrity: sha512-BDqnDLhhm/8VyyyDlX7ju06S75k6ObJvbsN86zqZ4SY1Fu2ANQxeSWPo7pnwx5nwA5JgG+HcQevtddAgsdeBVQ==}
    engines: {node: '>=8.x'}
    peerDependencies:
      react: '*'
      react-dom: '*'

  rc-slider@10.6.2:
    resolution: {integrity: sha512-FjkoFjyvUQWcBo1F3RgSglky3ar0+qHLM41PlFVYB4Bj3RD8E/Mv7kqMouLFBU+3aFglMzzctAIWRwajEuueSw==}
    engines: {node: '>=8.x'}
    peerDependencies:
      react: '>=16.9.0'
      react-dom: '>=16.9.0'

  rc-steps@6.0.1:
    resolution: {integrity: sha512-lKHL+Sny0SeHkQKKDJlAjV5oZ8DwCdS2hFhAkIjuQt1/pB81M0cA0ErVFdHq9+jmPmFw1vJB2F5NBzFXLJxV+g==}
    engines: {node: '>=8.x'}
    peerDependencies:
      react: '>=16.9.0'
      react-dom: '>=16.9.0'

  rc-switch@4.1.0:
    resolution: {integrity: sha512-TI8ufP2Az9oEbvyCeVE4+90PDSljGyuwix3fV58p7HV2o4wBnVToEyomJRVyTaZeqNPAp+vqeo4Wnj5u0ZZQBg==}
    peerDependencies:
      react: '>=16.9.0'
      react-dom: '>=16.9.0'

  rc-table@7.45.7:
    resolution: {integrity: sha512-wi9LetBL1t1csxyGkMB2p3mCiMt+NDexMlPbXHvQFmBBAsMxrgNSAPwUci2zDLUq9m8QdWc1Nh8suvrpy9mXrg==}
    engines: {node: '>=8.x'}
    peerDependencies:
      react: '>=16.9.0'
      react-dom: '>=16.9.0'

  rc-tabs@15.1.1:
    resolution: {integrity: sha512-Tc7bJvpEdkWIVCUL7yQrMNBJY3j44NcyWS48jF/UKMXuUlzaXK+Z/pEL5LjGcTadtPvVmNqA40yv7hmr+tCOAw==}
    engines: {node: '>=8.x'}
    peerDependencies:
      react: '>=16.9.0'
      react-dom: '>=16.9.0'

  rc-textarea@1.7.0:
    resolution: {integrity: sha512-UxizYJkWkmxP3zofXgc487QiGyDmhhheDLLjIWbFtDmiru1ls30KpO8odDaPyqNUIy9ugj5djxTEuezIn6t3Jg==}
    peerDependencies:
      react: '>=16.9.0'
      react-dom: '>=16.9.0'

  rc-tooltip@6.2.0:
    resolution: {integrity: sha512-iS/3iOAvtDh9GIx1ulY7EFUXUtktFccNLsARo3NPgLf0QW9oT0w3dA9cYWlhqAKmD+uriEwdWz1kH0Qs4zk2Aw==}
    peerDependencies:
      react: '>=16.9.0'
      react-dom: '>=16.9.0'

  rc-tree-select@5.22.1:
    resolution: {integrity: sha512-b8mAK52xEpRgS+b2PTapCt29GoIrO5cO8jB7AfHttFsIJfcnynY9FCtnYzURsKXJkGHbFY6UzSEB2I3TETtdWg==}
    peerDependencies:
      react: '*'
      react-dom: '*'

  rc-tree@5.8.8:
    resolution: {integrity: sha512-S+mCMWo91m5AJqjz3PdzKilGgbFm7fFJRFiTDOcoRbD7UfMOPnerXwMworiga0O2XIo383UoWuEfeHs1WOltag==}
    engines: {node: '>=10.x'}
    peerDependencies:
      react: '*'
      react-dom: '*'

  rc-upload@4.5.2:
    resolution: {integrity: sha512-QO3ne77DwnAPKFn0bA5qJM81QBjQi0e0NHdkvpFyY73Bea2NfITiotqJqVjHgeYPOJu5lLVR32TNGP084aSoXA==}
    peerDependencies:
      react: '>=16.9.0'
      react-dom: '>=16.9.0'

  rc-util@5.43.0:
    resolution: {integrity: sha512-AzC7KKOXFqAdIBqdGWepL9Xn7cm3vnAmjlHqUnoQaTMZYhM4VlXGLkkHHxj/BZ7Td0+SOPKB4RGPboBVKT9htw==}
    peerDependencies:
      react: '>=16.9.0'
      react-dom: '>=16.9.0'

  rc-virtual-list@3.14.5:
    resolution: {integrity: sha512-ZMOnkCLv2wUN8Jz7yI4XiSLa9THlYvf00LuMhb1JlsQCewuU7ydPuHw1rGVPhe9VZYl/5UqODtNd7QKJ2DMGfg==}
    engines: {node: '>=8.x'}
    peerDependencies:
      react: '>=16.9.0'
      react-dom: '>=16.9.0'

  react-dom@18.3.1:
    resolution: {integrity: sha512-5m4nQKp+rZRb09LNH59GM4BxTh9251/ylbKIbpe7TpGxfJ+9kv6BLkLBXIjjspbgbnIBNqlI23tRnTWT0snUIw==}
    peerDependencies:
      react: ^18.3.1

  react-is@18.3.1:
    resolution: {integrity: sha512-/LLMVyas0ljjAtoYiPqYiL8VWXzUUdThrmU5+n20DZv+a+ClRoevUzw5JxU+Ieh5/c87ytoTBV9G1FiKfNJdmg==}

  react@18.3.1:
    resolution: {integrity: sha512-wS+hAgJShR0KhEvPJArfuPVN1+Hz1t0Y6n5jLrGQbkb4urgPE/0Rve+1kMB1v/oWgHgm4WIcV+i7F2pTVj+2iQ==}
    engines: {node: '>=0.10.0'}

  regenerator-runtime@0.14.1:
    resolution: {integrity: sha512-dYnhHh0nJoMfnkZs6GmmhFknAGRrLznOu5nc9ML+EJxGvrx6H7teuevqVqCuPcPK//3eDrrjQhehXVx9cnkGdw==}

  resize-observer-polyfill@1.5.1:
    resolution: {integrity: sha512-LwZrotdHOo12nQuZlHEmtuXdqGoOD0OhaxopaNFxWzInpEgaLWoVuAMbTzixuosCx2nEG58ngzW3vxdWoxIgdg==}

  scheduler@0.23.2:
    resolution: {integrity: sha512-UOShsPwz7NrMUqhR6t0hWjFduvOzbtv7toDH1/hIrfRNIDBnnBWd0CwJTGvTpngVlmwGCdP9/Zl/tVrDqcuYzQ==}

  scroll-into-view-if-needed@3.1.0:
    resolution: {integrity: sha512-49oNpRjWRvnU8NyGVmUaYG4jtTkNonFZI86MmGRDqBphEK2EXT9gdEUoQPZhuBM8yWHxCWbobltqYO5M4XrUvQ==}

  string-convert@0.2.1:
    resolution: {integrity: sha512-u/1tdPl4yQnPBjnVrmdLo9gtuLvELKsAoRapekWggdiQNvvvum+jYF329d84NAa660KQw7pB2n36KrIKVoXa3A==}

  stylis@4.3.2:
    resolution: {integrity: sha512-bhtUjWd/z6ltJiQwg0dUfxEJ+W+jdqQd8TbWLWyeIJHlnsqmGLRFFd8e5mA0AZi/zx90smXRlN66YMTcaSFifg==}

  throttle-debounce@5.0.2:
    resolution: {integrity: sha512-B71/4oyj61iNH0KeCamLuE2rmKuTO5byTOSVwECM5FA7TiAiAW+UqTKZ9ERueC4qvgSttUhdmq1mXC3kJqGX7A==}
    engines: {node: '>=12.22'}

  toggle-selection@1.0.6:
    resolution: {integrity: sha512-BiZS+C1OS8g/q2RRbJmy59xpyghNBqrr6k5L/uKBGRsTfxmu3ffiRnd8mlGPUVayg8pvfi5urfnu8TU7DVOkLQ==}

snapshots:

  '@ant-design/colors@7.1.0':
    dependencies:
      '@ctrl/tinycolor': 3.6.1

  '@ant-design/cssinjs@1.21.0(react-dom@18.3.1(react@18.3.1))(react@18.3.1)':
    dependencies:
      '@babel/runtime': 7.24.7
      '@emotion/hash': 0.8.0
      '@emotion/unitless': 0.7.5
      classnames: 2.5.1
      csstype: 3.1.3
      rc-util: 5.43.0(react-dom@18.3.1(react@18.3.1))(react@18.3.1)
      react: 18.3.1
      react-dom: 18.3.1(react@18.3.1)
      stylis: 4.3.2

  '@ant-design/icons-svg@4.4.2': {}

  '@ant-design/icons@5.3.7(react-dom@18.3.1(react@18.3.1))(react@18.3.1)':
    dependencies:
      '@ant-design/colors': 7.1.0
      '@ant-design/icons-svg': 4.4.2
      '@babel/runtime': 7.24.7
      classnames: 2.5.1
      rc-util: 5.43.0(react-dom@18.3.1(react@18.3.1))(react@18.3.1)
      react: 18.3.1
      react-dom: 18.3.1(react@18.3.1)

  '@ant-design/react-slick@1.1.2(react@18.3.1)':
    dependencies:
      '@babel/runtime': 7.24.7
      classnames: 2.5.1
      json2mq: 0.2.0
      react: 18.3.1
      resize-observer-polyfill: 1.5.1
      throttle-debounce: 5.0.2

  '@babel/runtime@7.24.7':
    dependencies:
      regenerator-runtime: 0.14.1

  '@ctrl/tinycolor@3.6.1': {}

  '@emotion/hash@0.8.0': {}

  '@emotion/unitless@0.7.5': {}

  '@rc-component/async-validator@5.0.4':
    dependencies:
      '@babel/runtime': 7.24.7

  '@rc-component/color-picker@1.5.3(react-dom@18.3.1(react@18.3.1))(react@18.3.1)':
    dependencies:
      '@babel/runtime': 7.24.7
      '@ctrl/tinycolor': 3.6.1
      classnames: 2.5.1
      rc-util: 5.43.0(react-dom@18.3.1(react@18.3.1))(react@18.3.1)
      react: 18.3.1
      react-dom: 18.3.1(react@18.3.1)

  '@rc-component/context@1.4.0(react-dom@18.3.1(react@18.3.1))(react@18.3.1)':
    dependencies:
      '@babel/runtime': 7.24.7
      rc-util: 5.43.0(react-dom@18.3.1(react@18.3.1))(react@18.3.1)
      react: 18.3.1
      react-dom: 18.3.1(react@18.3.1)

  '@rc-component/mini-decimal@1.1.0':
    dependencies:
      '@babel/runtime': 7.24.7

  '@rc-component/mutate-observer@1.1.0(react-dom@18.3.1(react@18.3.1))(react@18.3.1)':
    dependencies:
      '@babel/runtime': 7.24.7
      classnames: 2.5.1
      rc-util: 5.43.0(react-dom@18.3.1(react@18.3.1))(react@18.3.1)
      react: 18.3.1
      react-dom: 18.3.1(react@18.3.1)

  '@rc-component/portal@1.1.2(react-dom@18.3.1(react@18.3.1))(react@18.3.1)':
    dependencies:
      '@babel/runtime': 7.24.7
      classnames: 2.5.1
      rc-util: 5.43.0(react-dom@18.3.1(react@18.3.1))(react@18.3.1)
      react: 18.3.1
      react-dom: 18.3.1(react@18.3.1)

  '@rc-component/qrcode@1.0.0(react-dom@18.3.1(react@18.3.1))(react@18.3.1)':
    dependencies:
      '@babel/runtime': 7.24.7
      classnames: 2.5.1
      rc-util: 5.43.0(react-dom@18.3.1(react@18.3.1))(react@18.3.1)
      react: 18.3.1
      react-dom: 18.3.1(react@18.3.1)

  '@rc-component/tour@1.15.0(react-dom@18.3.1(react@18.3.1))(react@18.3.1)':
    dependencies:
      '@babel/runtime': 7.24.7
      '@rc-component/portal': 1.1.2(react-dom@18.3.1(react@18.3.1))(react@18.3.1)
      '@rc-component/trigger': 2.2.0(react-dom@18.3.1(react@18.3.1))(react@18.3.1)
      classnames: 2.5.1
      rc-util: 5.43.0(react-dom@18.3.1(react@18.3.1))(react@18.3.1)
      react: 18.3.1
      react-dom: 18.3.1(react@18.3.1)

  '@rc-component/trigger@2.2.0(react-dom@18.3.1(react@18.3.1))(react@18.3.1)':
    dependencies:
      '@babel/runtime': 7.24.7
      '@rc-component/portal': 1.1.2(react-dom@18.3.1(react@18.3.1))(react@18.3.1)
      classnames: 2.5.1
      rc-motion: 2.9.2(react-dom@18.3.1(react@18.3.1))(react@18.3.1)
      rc-resize-observer: 1.4.0(react-dom@18.3.1(react@18.3.1))(react@18.3.1)
      rc-util: 5.43.0(react-dom@18.3.1(react@18.3.1))(react@18.3.1)
      react: 18.3.1
      react-dom: 18.3.1(react@18.3.1)

  antd@5.19.0(react-dom@18.3.1(react@18.3.1))(react@18.3.1):
    dependencies:
      '@ant-design/colors': 7.1.0
      '@ant-design/cssinjs': 1.21.0(react-dom@18.3.1(react@18.3.1))(react@18.3.1)
      '@ant-design/icons': 5.3.7(react-dom@18.3.1(react@18.3.1))(react@18.3.1)
      '@ant-design/react-slick': 1.1.2(react@18.3.1)
      '@babel/runtime': 7.24.7
      '@ctrl/tinycolor': 3.6.1
      '@rc-component/color-picker': 1.5.3(react-dom@18.3.1(react@18.3.1))(react@18.3.1)
      '@rc-component/mutate-observer': 1.1.0(react-dom@18.3.1(react@18.3.1))(react@18.3.1)
      '@rc-component/qrcode': 1.0.0(react-dom@18.3.1(react@18.3.1))(react@18.3.1)
      '@rc-component/tour': 1.15.0(react-dom@18.3.1(react@18.3.1))(react@18.3.1)
      '@rc-component/trigger': 2.2.0(react-dom@18.3.1(react@18.3.1))(react@18.3.1)
      classnames: 2.5.1
      copy-to-clipboard: 3.3.3
      dayjs: 1.11.11
      rc-cascader: 3.27.0(react-dom@18.3.1(react@18.3.1))(react@18.3.1)
      rc-checkbox: 3.3.0(react-dom@18.3.1(react@18.3.1))(react@18.3.1)
      rc-collapse: 3.7.3(react-dom@18.3.1(react@18.3.1))(react@18.3.1)
      rc-dialog: 9.5.2(react-dom@18.3.1(react@18.3.1))(react@18.3.1)
      rc-drawer: 7.2.0(react-dom@18.3.1(react@18.3.1))(react@18.3.1)
      rc-dropdown: 4.2.0(react-dom@18.3.1(react@18.3.1))(react@18.3.1)
      rc-field-form: 2.2.1(react-dom@18.3.1(react@18.3.1))(react@18.3.1)
      rc-image: 7.9.0(react-dom@18.3.1(react@18.3.1))(react@18.3.1)
      rc-input: 1.5.1(react-dom@18.3.1(react@18.3.1))(react@18.3.1)
      rc-input-number: 9.1.0(react-dom@18.3.1(react@18.3.1))(react@18.3.1)
      rc-mentions: 2.14.0(react-dom@18.3.1(react@18.3.1))(react@18.3.1)
      rc-menu: 9.14.1(react-dom@18.3.1(react@18.3.1))(react@18.3.1)
      rc-motion: 2.9.2(react-dom@18.3.1(react@18.3.1))(react@18.3.1)
      rc-notification: 5.6.0(react-dom@18.3.1(react@18.3.1))(react@18.3.1)
      rc-pagination: 4.2.0(react-dom@18.3.1(react@18.3.1))(react@18.3.1)
      rc-picker: 4.6.6(dayjs@1.11.11)(react-dom@18.3.1(react@18.3.1))(react@18.3.1)
      rc-progress: 4.0.0(react-dom@18.3.1(react@18.3.1))(react@18.3.1)
      rc-rate: 2.13.0(react-dom@18.3.1(react@18.3.1))(react@18.3.1)
      rc-resize-observer: 1.4.0(react-dom@18.3.1(react@18.3.1))(react@18.3.1)
      rc-segmented: 2.3.0(react-dom@18.3.1(react@18.3.1))(react@18.3.1)
      rc-select: 14.15.0(react-dom@18.3.1(react@18.3.1))(react@18.3.1)
      rc-slider: 10.6.2(react-dom@18.3.1(react@18.3.1))(react@18.3.1)
      rc-steps: 6.0.1(react-dom@18.3.1(react@18.3.1))(react@18.3.1)
      rc-switch: 4.1.0(react-dom@18.3.1(react@18.3.1))(react@18.3.1)
      rc-table: 7.45.7(react-dom@18.3.1(react@18.3.1))(react@18.3.1)
      rc-tabs: 15.1.1(react-dom@18.3.1(react@18.3.1))(react@18.3.1)
      rc-textarea: 1.7.0(react-dom@18.3.1(react@18.3.1))(react@18.3.1)
      rc-tooltip: 6.2.0(react-dom@18.3.1(react@18.3.1))(react@18.3.1)
      rc-tree: 5.8.8(react-dom@18.3.1(react@18.3.1))(react@18.3.1)
      rc-tree-select: 5.22.1(react-dom@18.3.1(react@18.3.1))(react@18.3.1)
      rc-upload: 4.5.2(react-dom@18.3.1(react@18.3.1))(react@18.3.1)
      rc-util: 5.43.0(react-dom@18.3.1(react@18.3.1))(react@18.3.1)
      react: 18.3.1
      react-dom: 18.3.1(react@18.3.1)
      scroll-into-view-if-needed: 3.1.0
      throttle-debounce: 5.0.2
    transitivePeerDependencies:
      - date-fns
      - luxon
      - moment

  array-tree-filter@2.1.0: {}

  classnames@2.5.1: {}

  compute-scroll-into-view@3.1.0: {}

  copy-to-clipboard@3.3.3:
    dependencies:
      toggle-selection: 1.0.6

  csstype@3.1.3: {}

  dayjs@1.11.11: {}

  js-tokens@4.0.0: {}

  json2mq@0.2.0:
    dependencies:
      string-convert: 0.2.1

  loose-envify@1.4.0:
    dependencies:
      js-tokens: 4.0.0

  rc-cascader@3.27.0(react-dom@18.3.1(react@18.3.1))(react@18.3.1):
    dependencies:
      '@babel/runtime': 7.24.7
      array-tree-filter: 2.1.0
      classnames: 2.5.1
      rc-select: 14.15.0(react-dom@18.3.1(react@18.3.1))(react@18.3.1)
      rc-tree: 5.8.8(react-dom@18.3.1(react@18.3.1))(react@18.3.1)
      rc-util: 5.43.0(react-dom@18.3.1(react@18.3.1))(react@18.3.1)
      react: 18.3.1
      react-dom: 18.3.1(react@18.3.1)

  rc-checkbox@3.3.0(react-dom@18.3.1(react@18.3.1))(react@18.3.1):
    dependencies:
      '@babel/runtime': 7.24.7
      classnames: 2.5.1
      rc-util: 5.43.0(react-dom@18.3.1(react@18.3.1))(react@18.3.1)
      react: 18.3.1
      react-dom: 18.3.1(react@18.3.1)

  rc-collapse@3.7.3(react-dom@18.3.1(react@18.3.1))(react@18.3.1):
    dependencies:
      '@babel/runtime': 7.24.7
      classnames: 2.5.1
      rc-motion: 2.9.2(react-dom@18.3.1(react@18.3.1))(react@18.3.1)
      rc-util: 5.43.0(react-dom@18.3.1(react@18.3.1))(react@18.3.1)
      react: 18.3.1
      react-dom: 18.3.1(react@18.3.1)

  rc-dialog@9.5.2(react-dom@18.3.1(react@18.3.1))(react@18.3.1):
    dependencies:
      '@babel/runtime': 7.24.7
      '@rc-component/portal': 1.1.2(react-dom@18.3.1(react@18.3.1))(react@18.3.1)
      classnames: 2.5.1
      rc-motion: 2.9.2(react-dom@18.3.1(react@18.3.1))(react@18.3.1)
      rc-util: 5.43.0(react-dom@18.3.1(react@18.3.1))(react@18.3.1)
      react: 18.3.1
      react-dom: 18.3.1(react@18.3.1)

  rc-drawer@7.2.0(react-dom@18.3.1(react@18.3.1))(react@18.3.1):
    dependencies:
      '@babel/runtime': 7.24.7
      '@rc-component/portal': 1.1.2(react-dom@18.3.1(react@18.3.1))(react@18.3.1)
      classnames: 2.5.1
      rc-motion: 2.9.2(react-dom@18.3.1(react@18.3.1))(react@18.3.1)
      rc-util: 5.43.0(react-dom@18.3.1(react@18.3.1))(react@18.3.1)
      react: 18.3.1
      react-dom: 18.3.1(react@18.3.1)

  rc-dropdown@4.2.0(react-dom@18.3.1(react@18.3.1))(react@18.3.1):
    dependencies:
      '@babel/runtime': 7.24.7
      '@rc-component/trigger': 2.2.0(react-dom@18.3.1(react@18.3.1))(react@18.3.1)
      classnames: 2.5.1
      rc-util: 5.43.0(react-dom@18.3.1(react@18.3.1))(react@18.3.1)
      react: 18.3.1
      react-dom: 18.3.1(react@18.3.1)

  rc-field-form@2.2.1(react-dom@18.3.1(react@18.3.1))(react@18.3.1):
    dependencies:
      '@babel/runtime': 7.24.7
      '@rc-component/async-validator': 5.0.4
      rc-util: 5.43.0(react-dom@18.3.1(react@18.3.1))(react@18.3.1)
      react: 18.3.1
      react-dom: 18.3.1(react@18.3.1)

  rc-image@7.9.0(react-dom@18.3.1(react@18.3.1))(react@18.3.1):
    dependencies:
      '@babel/runtime': 7.24.7
      '@rc-component/portal': 1.1.2(react-dom@18.3.1(react@18.3.1))(react@18.3.1)
      classnames: 2.5.1
      rc-dialog: 9.5.2(react-dom@18.3.1(react@18.3.1))(react@18.3.1)
      rc-motion: 2.9.2(react-dom@18.3.1(react@18.3.1))(react@18.3.1)
      rc-util: 5.43.0(react-dom@18.3.1(react@18.3.1))(react@18.3.1)
      react: 18.3.1
      react-dom: 18.3.1(react@18.3.1)

  rc-input-number@9.1.0(react-dom@18.3.1(react@18.3.1))(react@18.3.1):
    dependencies:
      '@babel/runtime': 7.24.7
      '@rc-component/mini-decimal': 1.1.0
      classnames: 2.5.1
      rc-input: 1.5.1(react-dom@18.3.1(react@18.3.1))(react@18.3.1)
      rc-util: 5.43.0(react-dom@18.3.1(react@18.3.1))(react@18.3.1)
      react: 18.3.1
      react-dom: 18.3.1(react@18.3.1)

  rc-input@1.5.1(react-dom@18.3.1(react@18.3.1))(react@18.3.1):
    dependencies:
      '@babel/runtime': 7.24.7
      classnames: 2.5.1
      rc-util: 5.43.0(react-dom@18.3.1(react@18.3.1))(react@18.3.1)
      react: 18.3.1
      react-dom: 18.3.1(react@18.3.1)

  rc-mentions@2.14.0(react-dom@18.3.1(react@18.3.1))(react@18.3.1):
    dependencies:
      '@babel/runtime': 7.24.7
      '@rc-component/trigger': 2.2.0(react-dom@18.3.1(react@18.3.1))(react@18.3.1)
      classnames: 2.5.1
      rc-input: 1.5.1(react-dom@18.3.1(react@18.3.1))(react@18.3.1)
      rc-menu: 9.14.1(react-dom@18.3.1(react@18.3.1))(react@18.3.1)
      rc-textarea: 1.7.0(react-dom@18.3.1(react@18.3.1))(react@18.3.1)
      rc-util: 5.43.0(react-dom@18.3.1(react@18.3.1))(react@18.3.1)
      react: 18.3.1
      react-dom: 18.3.1(react@18.3.1)

  rc-menu@9.14.1(react-dom@18.3.1(react@18.3.1))(react@18.3.1):
    dependencies:
      '@babel/runtime': 7.24.7
      '@rc-component/trigger': 2.2.0(react-dom@18.3.1(react@18.3.1))(react@18.3.1)
      classnames: 2.5.1
      rc-motion: 2.9.2(react-dom@18.3.1(react@18.3.1))(react@18.3.1)
      rc-overflow: 1.3.2(react-dom@18.3.1(react@18.3.1))(react@18.3.1)
      rc-util: 5.43.0(react-dom@18.3.1(react@18.3.1))(react@18.3.1)
      react: 18.3.1
      react-dom: 18.3.1(react@18.3.1)

  rc-motion@2.9.2(react-dom@18.3.1(react@18.3.1))(react@18.3.1):
    dependencies:
      '@babel/runtime': 7.24.7
      classnames: 2.5.1
      rc-util: 5.43.0(react-dom@18.3.1(react@18.3.1))(react@18.3.1)
      react: 18.3.1
      react-dom: 18.3.1(react@18.3.1)

  rc-notification@5.6.0(react-dom@18.3.1(react@18.3.1))(react@18.3.1):
    dependencies:
      '@babel/runtime': 7.24.7
      classnames: 2.5.1
      rc-motion: 2.9.2(react-dom@18.3.1(react@18.3.1))(react@18.3.1)
      rc-util: 5.43.0(react-dom@18.3.1(react@18.3.1))(react@18.3.1)
      react: 18.3.1
      react-dom: 18.3.1(react@18.3.1)

  rc-overflow@1.3.2(react-dom@18.3.1(react@18.3.1))(react@18.3.1):
    dependencies:
      '@babel/runtime': 7.24.7
      classnames: 2.5.1
      rc-resize-observer: 1.4.0(react-dom@18.3.1(react@18.3.1))(react@18.3.1)
      rc-util: 5.43.0(react-dom@18.3.1(react@18.3.1))(react@18.3.1)
      react: 18.3.1
      react-dom: 18.3.1(react@18.3.1)

  rc-pagination@4.2.0(react-dom@18.3.1(react@18.3.1))(react@18.3.1):
    dependencies:
      '@babel/runtime': 7.24.7
      classnames: 2.5.1
      rc-util: 5.43.0(react-dom@18.3.1(react@18.3.1))(react@18.3.1)
      react: 18.3.1
      react-dom: 18.3.1(react@18.3.1)

  rc-picker@4.6.6(dayjs@1.11.11)(react-dom@18.3.1(react@18.3.1))(react@18.3.1):
    dependencies:
      '@babel/runtime': 7.24.7
      '@rc-component/trigger': 2.2.0(react-dom@18.3.1(react@18.3.1))(react@18.3.1)
      classnames: 2.5.1
      rc-overflow: 1.3.2(react-dom@18.3.1(react@18.3.1))(react@18.3.1)
      rc-resize-observer: 1.4.0(react-dom@18.3.1(react@18.3.1))(react@18.3.1)
      rc-util: 5.43.0(react-dom@18.3.1(react@18.3.1))(react@18.3.1)
      react: 18.3.1
      react-dom: 18.3.1(react@18.3.1)
    optionalDependencies:
      dayjs: 1.11.11

  rc-progress@4.0.0(react-dom@18.3.1(react@18.3.1))(react@18.3.1):
    dependencies:
      '@babel/runtime': 7.24.7
      classnames: 2.5.1
      rc-util: 5.43.0(react-dom@18.3.1(react@18.3.1))(react@18.3.1)
      react: 18.3.1
      react-dom: 18.3.1(react@18.3.1)

  rc-rate@2.13.0(react-dom@18.3.1(react@18.3.1))(react@18.3.1):
    dependencies:
      '@babel/runtime': 7.24.7
      classnames: 2.5.1
      rc-util: 5.43.0(react-dom@18.3.1(react@18.3.1))(react@18.3.1)
      react: 18.3.1
      react-dom: 18.3.1(react@18.3.1)

  rc-resize-observer@1.4.0(react-dom@18.3.1(react@18.3.1))(react@18.3.1):
    dependencies:
      '@babel/runtime': 7.24.7
      classnames: 2.5.1
      rc-util: 5.43.0(react-dom@18.3.1(react@18.3.1))(react@18.3.1)
      react: 18.3.1
      react-dom: 18.3.1(react@18.3.1)
      resize-observer-polyfill: 1.5.1

  rc-segmented@2.3.0(react-dom@18.3.1(react@18.3.1))(react@18.3.1):
    dependencies:
      '@babel/runtime': 7.24.7
      classnames: 2.5.1
      rc-motion: 2.9.2(react-dom@18.3.1(react@18.3.1))(react@18.3.1)
      rc-util: 5.43.0(react-dom@18.3.1(react@18.3.1))(react@18.3.1)
      react: 18.3.1
      react-dom: 18.3.1(react@18.3.1)

  rc-select@14.15.0(react-dom@18.3.1(react@18.3.1))(react@18.3.1):
    dependencies:
      '@babel/runtime': 7.24.7
      '@rc-component/trigger': 2.2.0(react-dom@18.3.1(react@18.3.1))(react@18.3.1)
      classnames: 2.5.1
      rc-motion: 2.9.2(react-dom@18.3.1(react@18.3.1))(react@18.3.1)
      rc-overflow: 1.3.2(react-dom@18.3.1(react@18.3.1))(react@18.3.1)
      rc-util: 5.43.0(react-dom@18.3.1(react@18.3.1))(react@18.3.1)
      rc-virtual-list: 3.14.5(react-dom@18.3.1(react@18.3.1))(react@18.3.1)
      react: 18.3.1
      react-dom: 18.3.1(react@18.3.1)

  rc-slider@10.6.2(react-dom@18.3.1(react@18.3.1))(react@18.3.1):
    dependencies:
      '@babel/runtime': 7.24.7
      classnames: 2.5.1
      rc-util: 5.43.0(react-dom@18.3.1(react@18.3.1))(react@18.3.1)
      react: 18.3.1
      react-dom: 18.3.1(react@18.3.1)

  rc-steps@6.0.1(react-dom@18.3.1(react@18.3.1))(react@18.3.1):
    dependencies:
      '@babel/runtime': 7.24.7
      classnames: 2.5.1
      rc-util: 5.43.0(react-dom@18.3.1(react@18.3.1))(react@18.3.1)
      react: 18.3.1
      react-dom: 18.3.1(react@18.3.1)

  rc-switch@4.1.0(react-dom@18.3.1(react@18.3.1))(react@18.3.1):
    dependencies:
      '@babel/runtime': 7.24.7
      classnames: 2.5.1
      rc-util: 5.43.0(react-dom@18.3.1(react@18.3.1))(react@18.3.1)
      react: 18.3.1
      react-dom: 18.3.1(react@18.3.1)

  rc-table@7.45.7(react-dom@18.3.1(react@18.3.1))(react@18.3.1):
    dependencies:
      '@babel/runtime': 7.24.7
      '@rc-component/context': 1.4.0(react-dom@18.3.1(react@18.3.1))(react@18.3.1)
      classnames: 2.5.1
      rc-resize-observer: 1.4.0(react-dom@18.3.1(react@18.3.1))(react@18.3.1)
      rc-util: 5.43.0(react-dom@18.3.1(react@18.3.1))(react@18.3.1)
      rc-virtual-list: 3.14.5(react-dom@18.3.1(react@18.3.1))(react@18.3.1)
      react: 18.3.1
      react-dom: 18.3.1(react@18.3.1)

  rc-tabs@15.1.1(react-dom@18.3.1(react@18.3.1))(react@18.3.1):
    dependencies:
      '@babel/runtime': 7.24.7
      classnames: 2.5.1
      rc-dropdown: 4.2.0(react-dom@18.3.1(react@18.3.1))(react@18.3.1)
      rc-menu: 9.14.1(react-dom@18.3.1(react@18.3.1))(react@18.3.1)
      rc-motion: 2.9.2(react-dom@18.3.1(react@18.3.1))(react@18.3.1)
      rc-resize-observer: 1.4.0(react-dom@18.3.1(react@18.3.1))(react@18.3.1)
      rc-util: 5.43.0(react-dom@18.3.1(react@18.3.1))(react@18.3.1)
      react: 18.3.1
      react-dom: 18.3.1(react@18.3.1)

  rc-textarea@1.7.0(react-dom@18.3.1(react@18.3.1))(react@18.3.1):
    dependencies:
      '@babel/runtime': 7.24.7
      classnames: 2.5.1
      rc-input: 1.5.1(react-dom@18.3.1(react@18.3.1))(react@18.3.1)
      rc-resize-observer: 1.4.0(react-dom@18.3.1(react@18.3.1))(react@18.3.1)
      rc-util: 5.43.0(react-dom@18.3.1(react@18.3.1))(react@18.3.1)
      react: 18.3.1
      react-dom: 18.3.1(react@18.3.1)

  rc-tooltip@6.2.0(react-dom@18.3.1(react@18.3.1))(react@18.3.1):
    dependencies:
      '@babel/runtime': 7.24.7
      '@rc-component/trigger': 2.2.0(react-dom@18.3.1(react@18.3.1))(react@18.3.1)
      classnames: 2.5.1
      react: 18.3.1
      react-dom: 18.3.1(react@18.3.1)

  rc-tree-select@5.22.1(react-dom@18.3.1(react@18.3.1))(react@18.3.1):
    dependencies:
      '@babel/runtime': 7.24.7
      classnames: 2.5.1
      rc-select: 14.15.0(react-dom@18.3.1(react@18.3.1))(react@18.3.1)
      rc-tree: 5.8.8(react-dom@18.3.1(react@18.3.1))(react@18.3.1)
      rc-util: 5.43.0(react-dom@18.3.1(react@18.3.1))(react@18.3.1)
      react: 18.3.1
      react-dom: 18.3.1(react@18.3.1)

  rc-tree@5.8.8(react-dom@18.3.1(react@18.3.1))(react@18.3.1):
    dependencies:
      '@babel/runtime': 7.24.7
      classnames: 2.5.1
      rc-motion: 2.9.2(react-dom@18.3.1(react@18.3.1))(react@18.3.1)
      rc-util: 5.43.0(react-dom@18.3.1(react@18.3.1))(react@18.3.1)
      rc-virtual-list: 3.14.5(react-dom@18.3.1(react@18.3.1))(react@18.3.1)
      react: 18.3.1
      react-dom: 18.3.1(react@18.3.1)

  rc-upload@4.5.2(react-dom@18.3.1(react@18.3.1))(react@18.3.1):
    dependencies:
      '@babel/runtime': 7.24.7
      classnames: 2.5.1
      rc-util: 5.43.0(react-dom@18.3.1(react@18.3.1))(react@18.3.1)
      react: 18.3.1
      react-dom: 18.3.1(react@18.3.1)

  rc-util@5.43.0(react-dom@18.3.1(react@18.3.1))(react@18.3.1):
    dependencies:
      '@babel/runtime': 7.24.7
      react: 18.3.1
      react-dom: 18.3.1(react@18.3.1)
      react-is: 18.3.1

  rc-virtual-list@3.14.5(react-dom@18.3.1(react@18.3.1))(react@18.3.1):
    dependencies:
      '@babel/runtime': 7.24.7
      classnames: 2.5.1
      rc-resize-observer: 1.4.0(react-dom@18.3.1(react@18.3.1))(react@18.3.1)
      rc-util: 5.43.0(react-dom@18.3.1(react@18.3.1))(react@18.3.1)
      react: 18.3.1
      react-dom: 18.3.1(react@18.3.1)

  react-dom@18.3.1(react@18.3.1):
    dependencies:
      loose-envify: 1.4.0
      react: 18.3.1
      scheduler: 0.23.2

  react-is@18.3.1: {}

  react@18.3.1:
    dependencies:
      loose-envify: 1.4.0

  regenerator-runtime@0.14.1: {}

  resize-observer-polyfill@1.5.1: {}

  scheduler@0.23.2:
    dependencies:
      loose-envify: 1.4.0

  scroll-into-view-if-needed@3.1.0:
    dependencies:
      compute-scroll-into-view: 3.1.0

  string-convert@0.2.1: {}

  stylis@4.3.2: {}

  throttle-debounce@5.0.2: {}

  toggle-selection@1.0.6: {}
